// !$*UTF8*$!
{
	archiveVersion = 1;
	classes = {
	};
	objectVersion = 56;
	objects = {

/* Begin PBXBuildFile section */
		100000000000000000000001 /* WorkHoursFollowApp.swift in Sources */ = {isa = PBXBuildFile; fileRef = 200000000000000000000001 /* WorkHoursFollowApp.swift */; };
		100000000000000000000002 /* AppTabView.swift in Sources */ = {isa = PBXBuildFile; fileRef = 200000000000000000000002 /* AppTabView.swift */; };
		100000000000000000000004 /* DurationServiceTests.swift in Sources */ = {isa = PBXBuildFile; fileRef = 200000000000000000000006 /* DurationServiceTests.swift */; };
		100000000000000000000005 /* DurationService.swift in Sources */ = {isa = PBXBuildFile; fileRef = 200000000000000000000007 /* DurationService.swift */; };
		100000000000000000000006 /* EarningsCalculatorTests.swift in Sources */ = {isa = PBXBuildFile; fileRef = 200000000000000000000008 /* EarningsCalculatorTests.swift */; };
		100000000000000000000007 /* EarningsCalculator.swift in Sources */ = {isa = PBXBuildFile; fileRef = 200000000000000000000009 /* EarningsCalculator.swift */; };
		100000000000000000000008 /* TestCalendar.swift in Sources */ = {isa = PBXBuildFile; fileRef = 20000000000000000000000A /* TestCalendar.swift */; };
		100000000000000000000009 /* PayPeriodCalculatorTests.swift in Sources */ = {isa = PBXBuildFile; fileRef = 20000000000000000000000B /* PayPeriodCalculatorTests.swift */; };
		10000000000000000000000A /* PayPeriod.swift in Sources */ = {isa = PBXBuildFile; fileRef = 20000000000000000000000C /* PayPeriod.swift */; };
		10000000000000000000000B /* PayPeriodCalculator.swift in Sources */ = {isa = PBXBuildFile; fileRef = 20000000000000000000000D /* PayPeriodCalculator.swift */; };
		10000000000000000000000C /* AppEnvironmentTests.swift in Sources */ = {isa = PBXBuildFile; fileRef = 20000000000000000000000E /* AppEnvironmentTests.swift */; };
		10000000000000000000000D /* WorkEntry.swift in Sources */ = {isa = PBXBuildFile; fileRef = 20000000000000000000000F /* WorkEntry.swift */; };
		10000000000000000000000E /* AppSettings.swift in Sources */ = {isa = PBXBuildFile; fileRef = 200000000000000000000010 /* AppSettings.swift */; };
		10000000000000000000000F /* AppEnvironment.swift in Sources */ = {isa = PBXBuildFile; fileRef = 200000000000000000000011 /* AppEnvironment.swift */; };
		100000000000000000000010 /* EntryValidatorTests.swift in Sources */ = {isa = PBXBuildFile; fileRef = 200000000000000000000012 /* EntryValidatorTests.swift */; };
		100000000000000000000011 /* EntryValidator.swift in Sources */ = {isa = PBXBuildFile; fileRef = 200000000000000000000013 /* EntryValidator.swift */; };
		100000000000000000000012 /* EntryStoreTests.swift in Sources */ = {isa = PBXBuildFile; fileRef = 200000000000000000000014 /* EntryStoreTests.swift */; };
		100000000000000000000013 /* EntryStore.swift in Sources */ = {isa = PBXBuildFile; fileRef = 200000000000000000000015 /* EntryStore.swift */; };
		100000000000000000000014 /* AppFormattersTests.swift in Sources */ = {isa = PBXBuildFile; fileRef = 200000000000000000000016 /* AppFormattersTests.swift */; };
		100000000000000000000015 /* AppFormatters.swift in Sources */ = {isa = PBXBuildFile; fileRef = 200000000000000000000017 /* AppFormatters.swift */; };
		100000000000000000000016 /* AppColors.swift in Sources */ = {isa = PBXBuildFile; fileRef = 200000000000000000000018 /* AppColors.swift */; };
		100000000000000000000017 /* AppTypography.swift in Sources */ = {isa = PBXBuildFile; fileRef = 200000000000000000000019 /* AppTypography.swift */; };
		100000000000000000000018 /* AppSpacing.swift in Sources */ = {isa = PBXBuildFile; fileRef = 20000000000000000000001A /* AppSpacing.swift */; };
		100000000000000000000019 /* AppRadius.swift in Sources */ = {isa = PBXBuildFile; fileRef = 20000000000000000000001B /* AppRadius.swift */; };
		10000000000000000000001A /* PrimaryButton.swift in Sources */ = {isa = PBXBuildFile; fileRef = 20000000000000000000001C /* PrimaryButton.swift */; };
		10000000000000000000001B /* SummaryCard.swift in Sources */ = {isa = PBXBuildFile; fileRef = 20000000000000000000001D /* SummaryCard.swift */; };
		10000000000000000000001C /* WorkEntryCard.swift in Sources */ = {isa = PBXBuildFile; fileRef = 20000000000000000000001E /* WorkEntryCard.swift */; };
/* End PBXBuildFile section */

/* Begin PBXContainerItemProxy section */
		300000000000000000000001 /* PBXContainerItemProxy */ = {
			isa = PBXContainerItemProxy;
			containerPortal = 400000000000000000000001 /* Project object */;
			proxyType = 1;
			remoteGlobalIDString = 500000000000000000000001;
			remoteInfo = WorkHoursFollow;
		};
/* End PBXContainerItemProxy section */

/* Begin PBXFileReference section */
		200000000000000000000001 /* WorkHoursFollowApp.swift */ = {isa = PBXFileReference; lastKnownFileType = sourcecode.swift; path = WorkHoursFollowApp.swift; sourceTree = "<group>"; };
		200000000000000000000002 /* AppTabView.swift */ = {isa = PBXFileReference; lastKnownFileType = sourcecode.swift; path = AppTabView.swift; sourceTree = "<group>"; };
		200000000000000000000004 /* WorkHoursFollow.app */ = {isa = PBXFileReference; explicitFileType = wrapper.application; includeInIndex = 0; path = WorkHoursFollow.app; sourceTree = BUILT_PRODUCTS_DIR; };
		200000000000000000000005 /* WorkHoursFollowTests.xctest */ = {isa = PBXFileReference; explicitFileType = wrapper.cfbundle; includeInIndex = 0; path = WorkHoursFollowTests.xctest; sourceTree = BUILT_PRODUCTS_DIR; };
		200000000000000000000006 /* DurationServiceTests.swift */ = {isa = PBXFileReference; lastKnownFileType = sourcecode.swift; path = DurationServiceTests.swift; sourceTree = "<group>"; };
		200000000000000000000007 /* DurationService.swift */ = {isa = PBXFileReference; lastKnownFileType = sourcecode.swift; path = DurationService.swift; sourceTree = "<group>"; };
		200000000000000000000008 /* EarningsCalculatorTests.swift */ = {isa = PBXFileReference; lastKnownFileType = sourcecode.swift; path = EarningsCalculatorTests.swift; sourceTree = "<group>"; };
		200000000000000000000009 /* EarningsCalculator.swift */ = {isa = PBXFileReference; lastKnownFileType = sourcecode.swift; path = EarningsCalculator.swift; sourceTree = "<group>"; };
		20000000000000000000000A /* TestCalendar.swift */ = {isa = PBXFileReference; lastKnownFileType = sourcecode.swift; path = TestCalendar.swift; sourceTree = "<group>"; };
		20000000000000000000000B /* PayPeriodCalculatorTests.swift */ = {isa = PBXFileReference; lastKnownFileType = sourcecode.swift; path = PayPeriodCalculatorTests.swift; sourceTree = "<group>"; };
		20000000000000000000000C /* PayPeriod.swift */ = {isa = PBXFileReference; lastKnownFileType = sourcecode.swift; path = PayPeriod.swift; sourceTree = "<group>"; };
		20000000000000000000000D /* PayPeriodCalculator.swift */ = {isa = PBXFileReference; lastKnownFileType = sourcecode.swift; path = PayPeriodCalculator.swift; sourceTree = "<group>"; };
		20000000000000000000000E /* AppEnvironmentTests.swift */ = {isa = PBXFileReference; lastKnownFileType = sourcecode.swift; path = AppEnvironmentTests.swift; sourceTree = "<group>"; };
		20000000000000000000000F /* WorkEntry.swift */ = {isa = PBXFileReference; lastKnownFileType = sourcecode.swift; path = WorkEntry.swift; sourceTree = "<group>"; };
		200000000000000000000010 /* AppSettings.swift */ = {isa = PBXFileReference; lastKnownFileType = sourcecode.swift; path = AppSettings.swift; sourceTree = "<group>"; };
		200000000000000000000011 /* AppEnvironment.swift */ = {isa = PBXFileReference; lastKnownFileType = sourcecode.swift; path = AppEnvironment.swift; sourceTree = "<group>"; };
		200000000000000000000012 /* EntryValidatorTests.swift */ = {isa = PBXFileReference; lastKnownFileType = sourcecode.swift; path = EntryValidatorTests.swift; sourceTree = "<group>"; };
		200000000000000000000013 /* EntryValidator.swift */ = {isa = PBXFileReference; lastKnownFileType = sourcecode.swift; path = EntryValidator.swift; sourceTree = "<group>"; };
		200000000000000000000014 /* EntryStoreTests.swift */ = {isa = PBXFileReference; lastKnownFileType = sourcecode.swift; path = EntryStoreTests.swift; sourceTree = "<group>"; };
		200000000000000000000015 /* EntryStore.swift */ = {isa = PBXFileReference; lastKnownFileType = sourcecode.swift; path = EntryStore.swift; sourceTree = "<group>"; };
		200000000000000000000016 /* AppFormattersTests.swift */ = {isa = PBXFileReference; lastKnownFileType = sourcecode.swift; path = AppFormattersTests.swift; sourceTree = "<group>"; };
		200000000000000000000017 /* AppFormatters.swift */ = {isa = PBXFileReference; lastKnownFileType = sourcecode.swift; path = AppFormatters.swift; sourceTree = "<group>"; };
		200000000000000000000018 /* AppColors.swift */ = {isa = PBXFileReference; lastKnownFileType = sourcecode.swift; path = AppColors.swift; sourceTree = "<group>"; };
		200000000000000000000019 /* AppTypography.swift */ = {isa = PBXFileReference; lastKnownFileType = sourcecode.swift; path = AppTypography.swift; sourceTree = "<group>"; };
		20000000000000000000001A /* AppSpacing.swift */ = {isa = PBXFileReference; lastKnownFileType = sourcecode.swift; path = AppSpacing.swift; sourceTree = "<group>"; };
		20000000000000000000001B /* AppRadius.swift */ = {isa = PBXFileReference; lastKnownFileType = sourcecode.swift; path = AppRadius.swift; sourceTree = "<group>"; };
		20000000000000000000001C /* PrimaryButton.swift */ = {isa = PBXFileReference; lastKnownFileType = sourcecode.swift; path = PrimaryButton.swift; sourceTree = "<group>"; };
		20000000000000000000001D /* SummaryCard.swift */ = {isa = PBXFileReference; lastKnownFileType = sourcecode.swift; path = SummaryCard.swift; sourceTree = "<group>"; };
		20000000000000000000001E /* WorkEntryCard.swift */ = {isa = PBXFileReference; lastKnownFileType = sourcecode.swift; path = WorkEntryCard.swift; sourceTree = "<group>"; };
/* End PBXFileReference section */

/* Begin PBXFrameworksBuildPhase section */
		600000000000000000000006 /* Frameworks */ = {
			isa = PBXFrameworksBuildPhase;
			buildActionMask = 2147483647;
			files = (
			);
			runOnlyForDeploymentPostprocessing = 0;
		};
		600000000000000000000004 /* Frameworks */ = {
			isa = PBXFrameworksBuildPhase;
			buildActionMask = 2147483647;
			files = (
			);
			runOnlyForDeploymentPostprocessing = 0;
		};
/* End PBXFrameworksBuildPhase section */

/* Begin PBXGroup section */
		700000000000000000000001 = {
			isa = PBXGroup;
			children = (
				700000000000000000000002 /* WorkHoursFollow */,
				700000000000000000000004 /* WorkHoursFollowTests */,
				700000000000000000000005 /* Products */,
			);
			sourceTree = "<group>";
		};
		700000000000000000000002 /* WorkHoursFollow */ = {
			isa = PBXGroup;
			children = (
				700000000000000000000003 /* App */,
				700000000000000000000007 /* Models */,
				700000000000000000000006 /* Services */,
				700000000000000000000008 /* Utilities */,
				700000000000000000000009 /* DesignSystem */,
				70000000000000000000000A /* Components */,
			);
			path = WorkHoursFollow;
			sourceTree = "<group>";
		};
		700000000000000000000003 /* App */ = {
			isa = PBXGroup;
			children = (
				200000000000000000000001 /* WorkHoursFollowApp.swift */,
				200000000000000000000002 /* AppTabView.swift */,
				200000000000000000000011 /* AppEnvironment.swift */,
			);
			path = App;
			sourceTree = "<group>";
		};
		700000000000000000000004 /* WorkHoursFollowTests */ = {
			isa = PBXGroup;
			children = (
				200000000000000000000006 /* DurationServiceTests.swift */,
				200000000000000000000008 /* EarningsCalculatorTests.swift */,
				20000000000000000000000A /* TestCalendar.swift */,
				20000000000000000000000B /* PayPeriodCalculatorTests.swift */,
				20000000000000000000000E /* AppEnvironmentTests.swift */,
				200000000000000000000012 /* EntryValidatorTests.swift */,
				200000000000000000000014 /* EntryStoreTests.swift */,
				200000000000000000000016 /* AppFormattersTests.swift */,
			);
			path = WorkHoursFollowTests;
			sourceTree = "<group>";
		};
		700000000000000000000005 /* Products */ = {
			isa = PBXGroup;
			children = (
				200000000000000000000004 /* WorkHoursFollow.app */,
				200000000000000000000005 /* WorkHoursFollowTests.xctest */,
			);
			name = Products;
			sourceTree = "<group>";
		};
		700000000000000000000006 /* Services */ = {
			isa = PBXGroup;
			children = (
				200000000000000000000007 /* DurationService.swift */,
				200000000000000000000009 /* EarningsCalculator.swift */,
				20000000000000000000000D /* PayPeriodCalculator.swift */,
				200000000000000000000013 /* EntryValidator.swift */,
				200000000000000000000015 /* EntryStore.swift */,
			);
			path = Services;
			sourceTree = "<group>";
		};
		700000000000000000000007 /* Models */ = {
			isa = PBXGroup;
			children = (
				20000000000000000000000C /* PayPeriod.swift */,
				20000000000000000000000F /* WorkEntry.swift */,
				200000000000000000000010 /* AppSettings.swift */,
			);
			path = Models;
			sourceTree = "<group>";
		};
		700000000000000000000008 /* Utilities */ = {
			isa = PBXGroup;
			children = (
				200000000000000000000017 /* AppFormatters.swift */,
			);
			path = Utilities;
			sourceTree = "<group>";
		};
		700000000000000000000009 /* DesignSystem */ = {
			isa = PBXGroup;
			children = (
				200000000000000000000018 /* AppColors.swift */,
				200000000000000000000019 /* AppTypography.swift */,
				20000000000000000000001A /* AppSpacing.swift */,
				20000000000000000000001B /* AppRadius.swift */,
			);
			path = DesignSystem;
			sourceTree = "<group>";
		};
		70000000000000000000000A /* Components */ = {
			isa = PBXGroup;
			children = (
				20000000000000000000001C /* PrimaryButton.swift */,
				20000000000000000000001D /* SummaryCard.swift */,
				20000000000000000000001E /* WorkEntryCard.swift */,
			);
			path = Components;
			sourceTree = "<group>";
		};
/* End PBXGroup section */

/* Begin PBXNativeTarget section */
		500000000000000000000001 /* WorkHoursFollow */ = {
			isa = PBXNativeTarget;
			buildConfigurationList = 800000000000000000000002 /* Build configuration list for PBXNativeTarget "WorkHoursFollow" */;
			buildPhases = (
				600000000000000000000001 /* Sources */,
				600000000000000000000006 /* Frameworks */,
				600000000000000000000002 /* Resources */,
			);
			buildRules = (
			);
			dependencies = (
			);
			name = WorkHoursFollow;
			productName = WorkHoursFollow;
			productReference = 200000000000000000000004 /* WorkHoursFollow.app */;
			productType = "com.apple.product-type.application";
		};
		500000000000000000000002 /* WorkHoursFollowTests */ = {
			isa = PBXNativeTarget;
			buildConfigurationList = 800000000000000000000003 /* Build configuration list for PBXNativeTarget "WorkHoursFollowTests" */;
			buildPhases = (
				600000000000000000000003 /* Sources */,
				600000000000000000000004 /* Frameworks */,
				600000000000000000000005 /* Resources */,
			);
			buildRules = (
			);
			dependencies = (
				900000000000000000000001 /* PBXTargetDependency */,
			);
			name = WorkHoursFollowTests;
			productName = WorkHoursFollowTests;
			productReference = 200000000000000000000005 /* WorkHoursFollowTests.xctest */;
			productType = "com.apple.product-type.bundle.unit-test";
		};
/* End PBXNativeTarget section */

/* Begin PBXProject section */
		400000000000000000000001 /* Project object */ = {
			isa = PBXProject;
			attributes = {
				BuildIndependentTargetsInParallel = 1;
				LastSwiftUpdateCheck = 2660;
				LastUpgradeCheck = 2660;
				TargetAttributes = {
					500000000000000000000001 = {
						CreatedOnToolsVersion = 26.6;
					};
					500000000000000000000002 = {
						CreatedOnToolsVersion = 26.6;
						TestTargetID = 500000000000000000000001;
					};
				};
			};
			buildConfigurationList = 800000000000000000000001 /* Build configuration list for PBXProject "WorkHoursFollow" */;
			compatibilityVersion = "Xcode 14.0";
			developmentRegion = en;
			hasScannedForEncodings = 0;
			knownRegions = (
				en,
				Base,
			);
			mainGroup = 700000000000000000000001;
			productRefGroup = 700000000000000000000005 /* Products */;
			projectDirPath = "";
			projectRoot = "";
			targets = (
				500000000000000000000001 /* WorkHoursFollow */,
				500000000000000000000002 /* WorkHoursFollowTests */,
			);
		};
/* End PBXProject section */

/* Begin PBXResourcesBuildPhase section */
		600000000000000000000002 /* Resources */ = {
			isa = PBXResourcesBuildPhase;
			buildActionMask = 2147483647;
			files = (
			);
			runOnlyForDeploymentPostprocessing = 0;
		};
		600000000000000000000005 /* Resources */ = {
			isa = PBXResourcesBuildPhase;
			buildActionMask = 2147483647;
			files = (
			);
			runOnlyForDeploymentPostprocessing = 0;
		};
/* End PBXResourcesBuildPhase section */

/* Begin PBXSourcesBuildPhase section */
		600000000000000000000001 /* Sources */ = {
			isa = PBXSourcesBuildPhase;
			buildActionMask = 2147483647;
			files = (
				100000000000000000000001 /* WorkHoursFollowApp.swift in Sources */,
				100000000000000000000002 /* AppTabView.swift in Sources */,
				100000000000000000000005 /* DurationService.swift in Sources */,
				100000000000000000000007 /* EarningsCalculator.swift in Sources */,
				10000000000000000000000A /* PayPeriod.swift in Sources */,
				10000000000000000000000B /* PayPeriodCalculator.swift in Sources */,
				10000000000000000000000D /* WorkEntry.swift in Sources */,
				10000000000000000000000E /* AppSettings.swift in Sources */,
				10000000000000000000000F /* AppEnvironment.swift in Sources */,
				100000000000000000000011 /* EntryValidator.swift in Sources */,
				100000000000000000000013 /* EntryStore.swift in Sources */,
				100000000000000000000015 /* AppFormatters.swift in Sources */,
				100000000000000000000016 /* AppColors.swift in Sources */,
				100000000000000000000017 /* AppTypography.swift in Sources */,
				100000000000000000000018 /* AppSpacing.swift in Sources */,
				100000000000000000000019 /* AppRadius.swift in Sources */,
				10000000000000000000001A /* PrimaryButton.swift in Sources */,
				10000000000000000000001B /* SummaryCard.swift in Sources */,
				10000000000000000000001C /* WorkEntryCard.swift in Sources */,
			);
			runOnlyForDeploymentPostprocessing = 0;
		};
		600000000000000000000003 /* Sources */ = {
			isa = PBXSourcesBuildPhase;
			buildActionMask = 2147483647;
			files = (
				100000000000000000000004 /* DurationServiceTests.swift in Sources */,
				100000000000000000000006 /* EarningsCalculatorTests.swift in Sources */,
				100000000000000000000008 /* TestCalendar.swift in Sources */,
				100000000000000000000009 /* PayPeriodCalculatorTests.swift in Sources */,
				10000000000000000000000C /* AppEnvironmentTests.swift in Sources */,
				100000000000000000000010 /* EntryValidatorTests.swift in Sources */,
				100000000000000000000012 /* EntryStoreTests.swift in Sources */,
				100000000000000000000014 /* AppFormattersTests.swift in Sources */,
			);
			runOnlyForDeploymentPostprocessing = 0;
		};
/* End PBXSourcesBuildPhase section */

/* Begin PBXTargetDependency section */
		900000000000000000000001 /* PBXTargetDependency */ = {
			isa = PBXTargetDependency;
			target = 500000000000000000000001 /* WorkHoursFollow */;
			targetProxy = 300000000000000000000001 /* PBXContainerItemProxy */;
		};
/* End PBXTargetDependency section */

/* Begin XCBuildConfiguration section */
		A00000000000000000000001 /* Debug */ = {
			isa = XCBuildConfiguration;
			buildSettings = {
				ALWAYS_SEARCH_USER_PATHS = NO;
				CLANG_ENABLE_MODULES = YES;
				CLANG_ENABLE_OBJC_ARC = YES;
				CLANG_WARN_DOCUMENTATION_COMMENTS = YES;
				CLANG_WARN_QUOTED_INCLUDE_IN_FRAMEWORK_HEADER = YES;
				COPY_PHASE_STRIP = NO;
				DEBUG_INFORMATION_FORMAT = dwarf;
				ENABLE_STRICT_OBJC_MSGSEND = YES;
				ENABLE_TESTABILITY = YES;
				GCC_C_LANGUAGE_STANDARD = gnu17;
				GCC_NO_COMMON_BLOCKS = YES;
				GCC_OPTIMIZATION_LEVEL = 0;
				GCC_PREPROCESSOR_DEFINITIONS = (
					"DEBUG=1",
					"$(inherited)",
				);
				IPHONEOS_DEPLOYMENT_TARGET = 17.0;
				MTL_ENABLE_DEBUG_INFO = INCLUDE_SOURCE;
				ONLY_ACTIVE_ARCH = YES;
				SDKROOT = iphoneos;
				SWIFT_ACTIVE_COMPILATION_CONDITIONS = "DEBUG $(inherited)";
				SWIFT_OPTIMIZATION_LEVEL = "-Onone";
			};
			name = Debug;
		};
		A00000000000000000000002 /* Release */ = {
			isa = XCBuildConfiguration;
			buildSettings = {
				ALWAYS_SEARCH_USER_PATHS = NO;
				CLANG_ENABLE_MODULES = YES;
				CLANG_ENABLE_OBJC_ARC = YES;
				CLANG_WARN_DOCUMENTATION_COMMENTS = YES;
				CLANG_WARN_QUOTED_INCLUDE_IN_FRAMEWORK_HEADER = YES;
				COPY_PHASE_STRIP = NO;
				DEBUG_INFORMATION_FORMAT = "dwarf-with-dsym";
				ENABLE_NS_ASSERTIONS = NO;
				ENABLE_STRICT_OBJC_MSGSEND = YES;
				GCC_C_LANGUAGE_STANDARD = gnu17;
				GCC_NO_COMMON_BLOCKS = YES;
				IPHONEOS_DEPLOYMENT_TARGET = 17.0;
				MTL_ENABLE_DEBUG_INFO = NO;
				SDKROOT = iphoneos;
				SWIFT_COMPILATION_MODE = wholemodule;
		};
			name = Release;
		};
		A00000000000000000000003 /* Debug */ = {
			isa = XCBuildConfiguration;
			buildSettings = {
				CODE_SIGN_STYLE = Automatic;
				CURRENT_PROJECT_VERSION = 1;
				GENERATE_INFOPLIST_FILE = YES;
				IPHONEOS_DEPLOYMENT_TARGET = 17.0;
				MARKETING_VERSION = 1.0;
				PRODUCT_BUNDLE_IDENTIFIER = com.kseniiakozak.WorkHoursFollow;
				PRODUCT_NAME = "$(TARGET_NAME)";
				SWIFT_EMIT_LOC_STRINGS = YES;
				SWIFT_VERSION = 6.0;
				TARGETED_DEVICE_FAMILY = 1;
			};
			name = Debug;
		};
		A00000000000000000000004 /* Release */ = {
			isa = XCBuildConfiguration;
			buildSettings = {
				CODE_SIGN_STYLE = Automatic;
				CURRENT_PROJECT_VERSION = 1;
				GENERATE_INFOPLIST_FILE = YES;
				IPHONEOS_DEPLOYMENT_TARGET = 17.0;
				MARKETING_VERSION = 1.0;
				PRODUCT_BUNDLE_IDENTIFIER = com.kseniiakozak.WorkHoursFollow;
				PRODUCT_NAME = "$(TARGET_NAME)";
				SWIFT_EMIT_LOC_STRINGS = YES;
				SWIFT_VERSION = 6.0;
				TARGETED_DEVICE_FAMILY = 1;
			};
			name = Release;
		};
		A00000000000000000000005 /* Debug */ = {
			isa = XCBuildConfiguration;
			buildSettings = {
				BUNDLE_LOADER = "$(TEST_HOST)";
				CODE_SIGN_STYLE = Automatic;
				GENERATE_INFOPLIST_FILE = YES;
				IPHONEOS_DEPLOYMENT_TARGET = 17.0;
				PRODUCT_BUNDLE_IDENTIFIER = com.kseniiakozak.WorkHoursFollowTests;
				PRODUCT_NAME = "$(TARGET_NAME)";
				SWIFT_VERSION = 6.0;
				TARGETED_DEVICE_FAMILY = 1;
				TEST_HOST = "$(BUILT_PRODUCTS_DIR)/WorkHoursFollow.app/$(BUNDLE_EXECUTABLE_FOLDER_PATH)/WorkHoursFollow";
			};
			name = Debug;
		};
		A00000000000000000000006 /* Release */ = {
			isa = XCBuildConfiguration;
			buildSettings = {
				BUNDLE_LOADER = "$(TEST_HOST)";
				CODE_SIGN_STYLE = Automatic;
				GENERATE_INFOPLIST_FILE = YES;
				IPHONEOS_DEPLOYMENT_TARGET = 17.0;
				PRODUCT_BUNDLE_IDENTIFIER = com.kseniiakozak.WorkHoursFollowTests;
				PRODUCT_NAME = "$(TARGET_NAME)";
				SWIFT_VERSION = 6.0;
				TARGETED_DEVICE_FAMILY = 1;
				TEST_HOST = "$(BUILT_PRODUCTS_DIR)/WorkHoursFollow.app/$(BUNDLE_EXECUTABLE_FOLDER_PATH)/WorkHoursFollow";
			};
			name = Release;
		};
/* End XCBuildConfiguration section */

/* Begin XCConfigurationList section */
		800000000000000000000001 /* Build configuration list for PBXProject "WorkHoursFollow" */ = {
			isa = XCConfigurationList;
			buildConfigurations = (
				A00000000000000000000001 /* Debug */,
				A00000000000000000000002 /* Release */,
			);
			defaultConfigurationIsVisible = 0;
			defaultConfigurationName = Release;
		};
		800000000000000000000002 /* Build configuration list for PBXNativeTarget "WorkHoursFollow" */ = {
			isa = XCConfigurationList;
			buildConfigurations = (
				A00000000000000000000003 /* Debug */,
				A00000000000000000000004 /* Release */,
			);
			defaultConfigurationIsVisible = 0;
			defaultConfigurationName = Release;
		};
		800000000000000000000003 /* Build configuration list for PBXNativeTarget "WorkHoursFollowTests" */ = {
			isa = XCConfigurationList;
			buildConfigurations = (
				A00000000000000000000005 /* Debug */,
				A00000000000000000000006 /* Release */,
			);
			defaultConfigurationIsVisible = 0;
			defaultConfigurationName = Release;
		};
/* End XCConfigurationList section */
	};
	rootObject = 400000000000000000000001 /* Project object */;
}
